{
  "name": "uvsq-schedule-sync",
  "version": "1.0.0",
  "lockfileVersion": 3,
  "requires": true,
  "packages": {
    "": {
      "name": "uvsq-schedule-sync",
      "version": "1.0.0",
      "license": "ISC",
      "dependencies": {
        "he": "^1.2.0",
        "ical-generator": "^11.1.0"
      }
    },
    "node_modules/he": {
      "version": "1.2.0",
      "resolved": "https://registry.npmjs.org/he/-/he-1.2.0.tgz",
      "integrity": "sha512-F/1DnUGPopORZi0ni+CvrCgHQ5FyEAHRLSApuYWMmrbSwoN2Mn/7k+Gl38gJnR7yyDZk6WLXwiGod1JOWNDKGw==",
      "license": "MIT",
      "bin": {
        "he": "bin/he"
      }
    },
    "node_modules/ical-generator": {
      "version": "11.1.0",
      "resolved": "https://registry.npmjs.org/ical-generator/-/ical-generator-11.1.0.tgz",
      "integrity": "sha512-/CSyXcelySK5qYAUxXnwzhAi1UPVnapnVMXqkRQ+L0RXHCFtzqLm92o5PD0ZRhaWBCtkS0hP8YIxMrSRZ+8Zug==",
      "license": "MIT",
      "engines": {
        "node": "22 || >=24.0.0"
      },
      "peerDependencies": {
        "@touch4it/ical-timezones": ">=1.6.0",
        "@types/luxon": ">= 1.26.0",
        "@types/mocha": ">= 8.2.1",
        "dayjs": ">= 1.10.0",
        "luxon": ">= 1.26.0",
        "moment": ">= 2.29.0",
        "moment-timezone": ">= 0.5.33",
        "rrule": ">= 2.6.8"
      },
      "peerDependenciesMeta": {
        "@touch4it/ical-timezones": {
          "optional": true
        },
        "@types/luxon": {
          "optional": true
        },
        "@types/mocha": {
          "optional": true
        },
        "@types/node": {
          "optional": true
        },
        "dayjs": {
          "optional": true
        },
        "luxon": {
          "optional": true
        },
        "moment": {
          "optional": true
        },
        "moment-timezone": {
          "optional": true
        },
        "rrule": {
          "optional": true
        }
      }
    }
  }
}
